hash: f268bbc250965c1addd1b5fc0caa24bfb950075ccb54c8b49f4ad4ca5e8c1367
updated: 2018-02-05T10:41:46.416562+08:00
imports:
- name: github.com/blang/semver
  version: 31b736133b98f26d5e078ec9eb591666edfd091f
- name: github.com/containernetworking/cni
  version: 0e09ad29df1eda8c0e15f8b6c4c7784a42e125bf
  subpackages:
  - libcni
  - pkg/invoke
  - pkg/invoke/fakes
  - pkg/ip
  - pkg/ipam
  - pkg/ns
  - pkg/skel
  - pkg/testutils
  - pkg/types
  - pkg/utils
  - pkg/utils/hwaddr
  - pkg/utils/sysctl
  - pkg/version
  - pkg/version/legacy_examples
  - pkg/version/testhelpers
  - plugins/ipam/host-local/backend
  - plugins/ipam/host-local/backend/disk
  - plugins/ipam/host-local/backend/testing
  - plugins/test/noop/debug
- name: github.com/coreos/go-iptables
  version: fbb73372b87f6e89951c2b6b31470c2c9d5cfae3
  subpackages:
  - iptables
- name: github.com/coreos/go-semver
  version: 568e959cd89871e61434c1143528d9162da89ef2
  subpackages:
  - semver
- name: github.com/coreos/go-systemd
  version: 48702e0da86bd25e76cfef347e2adeb434a0d0a6
  subpackages:
  - activation
- name: github.com/d2g/dhcp4
  version: f0e4d29ff0231dce36e250b2ed9ff08412584bca
- name: github.com/d2g/dhcp4client
  version: bed07e1bc5b85f69c6f0fd73393aa35ec68ed892
- name: github.com/davecgh/go-spew
  version: 5215b55f46b2b919f50a1df0eaa5886afe4e3b3d
  subpackages:
  - spew
- name: github.com/docker/distribution
  version: cd27f179f2c10c5d300e6d09025b538c475b0d51
  subpackages:
  - digest
  - reference
- name: github.com/docker/engine-api
  version: dea108d3aa0c67d7162a3fd8aa65f38a430019fd
  subpackages:
  - client
  - client/transport
  - client/transport/cancellable
  - types
  - types/blkiodev
  - types/container
  - types/filters
  - types/network
  - types/reference
  - types/registry
  - types/strslice
  - types/time
  - types/versions
- name: github.com/docker/go-connections
  version: f549a9393d05688dff0992ef3efd8bbe6c628aeb
  subpackages:
  - nat
  - sockets
  - tlsconfig
- name: github.com/docker/go-units
  version: 0bbddae09c5a5419a8c6dcdd7ff90da3d450393b
- name: github.com/emicklei/go-restful
  version: 89ef8af493ab468a45a42bb0d89a06fccdd2fb22
  subpackages:
  - log
  - swagger
- name: github.com/ghodss/yaml
  version: 73d445a93680fa1a78ae23a5839bad48f32ba1ee
- name: github.com/godbus/dbus
  version: c7fdd8b5cd55e87b4e1f4e372cdb1db61dd6c66f
- name: github.com/gogo/protobuf
  version: e18d7aa8f8c624c915db340349aad4c49b10d173
  subpackages:
  - proto
  - sortkeys
- name: github.com/golang/glog
  version: 44145f04b68cf362d9c4df2182967c2275eaefed
- name: github.com/google/gofuzz
  version: bbcb9da2d746f8bdbd6a936686a0a6067ada0ec5
- name: github.com/imdario/mergo
  version: 6633656539c1639d9d78127b7d47c622b5d7b6dc
- name: github.com/juju/ratelimit
  version: 77ed1c8a01217656d2080ad51981f6e99adaa177
- name: github.com/Microsoft/go-winio
  version: 8f9387ea7efabb228a981b9c381142be7667967f
- name: github.com/moul/http2curl
  version: 9ac6cf4d929b2fa8fd2d2e6dec5bb0feb4f4911d
- name: github.com/opencontainers/runc
  version: 5653ced544b1fa9d9623f12aaf9601bf1aefc013
  subpackages:
  - libcontainer
  - libcontainer/apparmor
  - libcontainer/cgroups
  - libcontainer/cgroups/fs
  - libcontainer/cgroups/systemd
  - libcontainer/configs
  - libcontainer/configs/validate
  - libcontainer/criurpc
  - libcontainer/keys
  - libcontainer/label
  - libcontainer/seccomp
  - libcontainer/selinux
  - libcontainer/stacktrace
  - libcontainer/system
  - libcontainer/user
  - libcontainer/utils
- name: github.com/parnurzeal/gorequest
  version: a578a48e8d6ca8b01a3b18314c43c6716bb5f5a3
- name: github.com/pborman/uuid
  version: ca53cad383cad2479bbba7f7a1a05797ec1386e4
- name: github.com/pkg/errors
  version: c605e284fe17294bda444b34710735b29d1a9d90
- name: github.com/Sirupsen/logrus
  version: 51fe59aca108dc5680109e7b2051cbdcfa5a253c
- name: github.com/spf13/pflag
  version: 1560c1005499d61b80f865c04d39ca7505bf7f0b
- name: github.com/ugorji/go
  version: f1f1a805ed361a0e078bb537e4ea78cd37dcf065
  subpackages:
  - codec
- name: github.com/vishvananda/netlink
  version: da7420cab5e209195f5f7387fccd4c7f48758d30
  subpackages:
  - nl
- name: github.com/vishvananda/netns
  version: 8ba1072b58e0c2a240eb5f6120165c7776c3e7b8
- name: golang.org/x/net
  version: e90d6d0afc4c315a0d87a568ae68577cc15149a0
  subpackages:
  - context
  - http2
  - http2/hpack
  - lex/httplex
  - proxy
  - publicsuffix
- name: golang.org/x/sys
  version: 076b546753157f758b316e59bcb51e6807c04057
  repo: https://golang.org/x/sys
  subpackages:
  - unix
- name: gopkg.in/inf.v0
  version: 3887ee99ecf07df5b447e9b00d9c0b2adaa9f3e4
- name: gopkg.in/yaml.v2
  version: 53feefa2559fb8dfa8d81baad31be332c97d6c77
- name: k8s.io/client-go
  version: 9406961b8137e25996998cffd97af2b14b4a2e25
  repo: http://git.code.oa.com/gaiastack/client-go.git
  subpackages:
  - 1.4/discovery
  - 1.4/kubernetes
  - 1.4/kubernetes/typed/authorization/v1beta1
  - 1.4/kubernetes/typed/autoscaling/v1
  - 1.4/kubernetes/typed/batch/v1
  - 1.4/kubernetes/typed/core/v1
  - 1.4/kubernetes/typed/extensions/v1beta1
  - 1.4/kubernetes/typed/gaia/v1alpha1
  - 1.4/kubernetes/typed/policy/v1alpha1
  - 1.4/pkg/api
  - 1.4/pkg/api/endpoints
  - 1.4/pkg/api/errors
  - 1.4/pkg/api/install
  - 1.4/pkg/api/meta
  - 1.4/pkg/api/meta/metatypes
  - 1.4/pkg/api/pod
  - 1.4/pkg/api/resource
  - 1.4/pkg/api/service
  - 1.4/pkg/api/unversioned
  - 1.4/pkg/api/unversioned/validation
  - 1.4/pkg/api/util
  - 1.4/pkg/api/v1
  - 1.4/pkg/api/validation
  - 1.4/pkg/apimachinery
  - 1.4/pkg/apimachinery/registered
  - 1.4/pkg/apis/apps
  - 1.4/pkg/apis/apps/install
  - 1.4/pkg/apis/apps/v1alpha1
  - 1.4/pkg/apis/authentication
  - 1.4/pkg/apis/authentication/install
  - 1.4/pkg/apis/authentication/v1beta1
  - 1.4/pkg/apis/authorization
  - 1.4/pkg/apis/authorization/install
  - 1.4/pkg/apis/authorization/v1beta1
  - 1.4/pkg/apis/autoscaling
  - 1.4/pkg/apis/autoscaling/install
  - 1.4/pkg/apis/autoscaling/v1
  - 1.4/pkg/apis/batch
  - 1.4/pkg/apis/batch/install
  - 1.4/pkg/apis/batch/v1
  - 1.4/pkg/apis/batch/v2alpha1
  - 1.4/pkg/apis/certificates
  - 1.4/pkg/apis/certificates/install
  - 1.4/pkg/apis/certificates/v1alpha1
  - 1.4/pkg/apis/extensions
  - 1.4/pkg/apis/extensions/install
  - 1.4/pkg/apis/extensions/v1beta1
  - 1.4/pkg/apis/gaia
  - 1.4/pkg/apis/gaia/install
  - 1.4/pkg/apis/gaia/v1alpha1
  - 1.4/pkg/apis/policy
  - 1.4/pkg/apis/policy/install
  - 1.4/pkg/apis/policy/v1alpha1
  - 1.4/pkg/apis/rbac
  - 1.4/pkg/apis/rbac/install
  - 1.4/pkg/apis/rbac/v1alpha1
  - 1.4/pkg/apis/storage
  - 1.4/pkg/apis/storage/install
  - 1.4/pkg/apis/storage/v1beta1
  - 1.4/pkg/auth/user
  - 1.4/pkg/capabilities
  - 1.4/pkg/conversion
  - 1.4/pkg/conversion/queryparams
  - 1.4/pkg/fields
  - 1.4/pkg/labels
  - 1.4/pkg/runtime
  - 1.4/pkg/runtime/serializer
  - 1.4/pkg/runtime/serializer/json
  - 1.4/pkg/runtime/serializer/protobuf
  - 1.4/pkg/runtime/serializer/recognizer
  - 1.4/pkg/runtime/serializer/streaming
  - 1.4/pkg/runtime/serializer/versioning
  - 1.4/pkg/security/apparmor
  - 1.4/pkg/selection
  - 1.4/pkg/third_party/forked/golang/reflect
  - 1.4/pkg/types
  - 1.4/pkg/util
  - 1.4/pkg/util/clock
  - 1.4/pkg/util/config
  - 1.4/pkg/util/crypto
  - 1.4/pkg/util/errors
  - 1.4/pkg/util/flowcontrol
  - 1.4/pkg/util/framer
  - 1.4/pkg/util/hash
  - 1.4/pkg/util/homedir
  - 1.4/pkg/util/integer
  - 1.4/pkg/util/intstr
  - 1.4/pkg/util/json
  - 1.4/pkg/util/labels
  - 1.4/pkg/util/net
  - 1.4/pkg/util/net/sets
  - 1.4/pkg/util/parsers
  - 1.4/pkg/util/rand
  - 1.4/pkg/util/runtime
  - 1.4/pkg/util/sets
  - 1.4/pkg/util/uuid
  - 1.4/pkg/util/validation
  - 1.4/pkg/util/validation/field
  - 1.4/pkg/util/wait
  - 1.4/pkg/util/yaml
  - 1.4/pkg/version
  - 1.4/pkg/watch
  - 1.4/pkg/watch/versioned
  - 1.4/rest
  - 1.4/tools/auth
  - 1.4/tools/cache
  - 1.4/tools/clientcmd
  - 1.4/tools/clientcmd/api
  - 1.4/tools/clientcmd/api/latest
  - 1.4/tools/clientcmd/api/v1
  - 1.4/tools/metrics
  - 1.4/transport
- name: k8s.io/kubernetes
  version: dd746bbe6ad332502aec6ee4eadb85fe7f1f088b
  repo: http://git.code.oa.com/gaia/kubernetes.git
  subpackages:
  - pkg/util/dbus
  - pkg/util/exec
  - pkg/util/iptables
  - pkg/util/sets
testImports:
- name: github.com/onsi/ginkgo
  version: 7f8ab55aaf3b86885aa55b762e803744d1674700
  subpackages:
  - config
  - extensions/table
  - ginkgo
  - ginkgo/convert
  - ginkgo/interrupthandler
  - ginkgo/nodot
  - ginkgo/testrunner
  - ginkgo/testsuite
  - ginkgo/watch
  - integration
  - internal/codelocation
  - internal/containernode
  - internal/failer
  - internal/leafnodes
  - internal/remote
  - internal/spec
  - internal/specrunner
  - internal/suite
  - internal/testingtproxy
  - internal/writer
  - reporters
  - reporters/stenographer
  - types
- name: github.com/onsi/gomega
  version: 2152b45fa28a361beba9aab0885972323a444e28
  subpackages:
  - format
  - gbytes
  - gexec
  - internal/assertion
  - internal/asyncassertion
  - internal/oraclematcher
  - internal/testingtsupport
  - matchers
  - matchers/support/goraph/bipartitegraph
  - matchers/support/goraph/edge
  - matchers/support/goraph/node
  - matchers/support/goraph/util
  - types
